Microsoft Visual Studio Solution File, Format Version 12.00
# Visual Studio Version 17
VisualStudioVersion = 17.0.31611.283
MinimumVisualStudioVersion = 10.0.40219.1
Project("{9A19103F-16F7-4668-BE54-9A1E7A4F7556}") = "MobileBlazor", "MobileBlazor\MobileBlazor.csproj", "{965704D6-C7D1-40E6-BC1D-336F442E6EFD}"
EndProject
Project("{9A19103F-16F7-4668-BE54-9A1E7A4F7556}") = "WebApp", "WebApp\WebApp.csproj", "{6F5F1D03-CFFB-46A6-8CDC-2F8913180E73}"
EndProject
Project("{9A19103F-16F7-4668-BE54-9A1E7A4F7556}") = "ModelLib", "ModelLibrary\ModelLib.csproj", "{A31FAB15-E08A-41FD-8D28-C7873637A1C7}"
EndProject
Project("{9A19103F-16F7-4668-BE54-9A1E7A4F7556}") = "RazorLib", "RazorLib\RazorLib.csproj", "{AC8ABAFB-3522-4417-8C4F-1FCDA45B673C}"
EndProject
Project("{9A19103F-16F7-4668-BE54-9A1E7A4F7556}") = "EntityLib", "EntityLib\EntityLib.csproj", "{A8C865BB-A78E-4FC9-8DE8-A0846FE4E981}"
EndProject
Project("{9A19103F-16F7-4668-BE54-9A1E7A4F7556}") = "TestSuite", "TestSuite\TestSuite.csproj", "{D87A6204-580D-4849-BFF9-CA78F2EB5BB7}"
EndProject
Project("{9A19103F-16F7-4668-BE54-9A1E7A4F7556}") = "UnitTests", "UnitTests\UnitTests.csproj", "{B847BD2F-07B5-4043-9D69-91D0B883B65A}"
EndProject
Global
	GlobalSection(SolutionConfigurationPlatforms) = preSolution
		Debug|Any CPU = Debug|Any CPU
		Release|Any CPU = Release|Any CPU
	EndGlobalSection
	GlobalSection(ProjectConfigurationPlatforms) = postSolution
		{965704D6-C7D1-40E6-BC1D-336F442E6EFD}.Debug|Any CPU.ActiveCfg = Debug|Any CPU
		{965704D6-C7D1-40E6-BC1D-336F442E6EFD}.Debug|Any CPU.Build.0 = Debug|Any CPU
		{965704D6-C7D1-40E6-BC1D-336F442E6EFD}.Debug|Any CPU.Deploy.0 = Debug|Any CPU
		{965704D6-C7D1-40E6-BC1D-336F442E6EFD}.Release|Any CPU.ActiveCfg = Release|Any CPU
		{965704D6-C7D1-40E6-BC1D-336F442E6EFD}.Release|Any CPU.Build.0 = Release|Any CPU
		{965704D6-C7D1-40E6-BC1D-336F442E6EFD}.Release|Any CPU.Deploy.0 = Release|Any CPU
		{6F5F1D03-CFFB-46A6-8CDC-2F8913180E73}.Debug|Any CPU.ActiveCfg = Debug|Any CPU
		{6F5F1D03-CFFB-46A6-8CDC-2F8913180E73}.Debug|Any CPU.Build.0 = Debug|Any CPU
		{6F5F1D03-CFFB-46A6-8CDC-2F8913180E73}.Release|Any CPU.ActiveCfg = Release|Any CPU
		{6F5F1D03-CFFB-46A6-8CDC-2F8913180E73}.Release|Any CPU.Build.0 = Release|Any CPU
		{A31FAB15-E08A-41FD-8D28-C7873637A1C7}.Debug|Any CPU.ActiveCfg = Debug|Any CPU
		{A31FAB15-E08A-41FD-8D28-C7873637A1C7}.Debug|Any CPU.Build.0 = Debug|Any CPU
		{A31FAB15-E08A-41FD-8D28-C7873637A1C7}.Release|Any CPU.ActiveCfg = Release|Any CPU
		{A31FAB15-E08A-41FD-8D28-C7873637A1C7}.Release|Any CPU.Build.0 = Release|Any CPU
		{AC8ABAFB-3522-4417-8C4F-1FCDA45B673C}.Debug|Any CPU.ActiveCfg = Debug|Any CPU
		{AC8ABAFB-3522-4417-8C4F-1FCDA45B673C}.Debug|Any CPU.Build.0 = Debug|Any CPU
		{AC8ABAFB-3522-4417-8C4F-1FCDA45B673C}.Release|Any CPU.ActiveCfg = Release|Any CPU
		{AC8ABAFB-3522-4417-8C4F-1FCDA45B673C}.Release|Any CPU.Build.0 = Release|Any CPU
		{A8C865BB-A78E-4FC9-8DE8-A0846FE4E981}.Debug|Any CPU.ActiveCfg = Debug|Any CPU
		{A8C865BB-A78E-4FC9-8DE8-A0846FE4E981}.Debug|Any CPU.Build.0 = Debug|Any CPU
		{A8C865BB-A78E-4FC9-8DE8-A0846FE4E981}.Release|Any CPU.ActiveCfg = Release|Any CPU
		{A8C865BB-A78E-4FC9-8DE8-A0846FE4E981}.Release|Any CPU.Build.0 = Release|Any CPU
		{D87A6204-580D-4849-BFF9-CA78F2EB5BB7}.Debug|Any CPU.ActiveCfg = Debug|Any CPU
		{D87A6204-580D-4849-BFF9-CA78F2EB5BB7}.Debug|Any CPU.Build.0 = Debug|Any CPU
		{D87A6204-580D-4849-BFF9-CA78F2EB5BB7}.Release|Any CPU.ActiveCfg = Release|Any CPU
		{D87A6204-580D-4849-BFF9-CA78F2EB5BB7}.Release|Any CPU.Build.0 = Release|Any CPU
		{B847BD2F-07B5-4043-9D69-91D0B883B65A}.Debug|Any CPU.ActiveCfg = Debug|Any CPU
		{B847BD2F-07B5-4043-9D69-91D0B883B65A}.Debug|Any CPU.Build.0 = Debug|Any CPU
		{B847BD2F-07B5-4043-9D69-91D0B883B65A}.Release|Any CPU.ActiveCfg = Release|Any CPU
		{B847BD2F-07B5-4043-9D69-91D0B883B65A}.Release|Any CPU.Build.0 = Release|Any CPU
	EndGlobalSection
	GlobalSection(SolutionProperties) = preSolution
		HideSolutionNode = FALSE
	EndGlobalSection
	GlobalSection(ExtensibilityGlobals) = postSolution
		SolutionGuid = {61F7FB11-1E47-470C-91E2-47F8143E1572}
	EndGlobalSection
EndGlobal
